
Microsoft Visual Studio Solution File, Format Version 12.00
# Visual Studio Version 17
VisualStudioVersion = 17.5.002.0
MinimumVisualStudioVersion = 10.0.40219.1
Project("{9A19103F-16F7-4668-BE54-9A1E7A4F7556}") = "mvcapi", "mvcapi.csproj", "{FA863FC2-F60B-4F0D-864A-389F182F486B}"
EndProject
Global
	GlobalSection(SolutionConfigurationPlatforms) = preSolution
		Debug|Any CPU = Debug|Any CPU
		Release|Any CPU = Release|Any CPU
	EndGlobalSection
	GlobalSection(ProjectConfigurationPlatforms) = postSolution
		{FA863FC2-F60B-4F0D-864A-389F182F486B}.Debug|Any CPU.ActiveCfg = Debug|Any CPU
		{FA863FC2-F60B-4F0D-864A-389F182F486B}.Debug|Any CPU.Build.0 = Debug|Any CPU
		{FA863FC2-F60B-4F0D-864A-389F182F486B}.Release|Any CPU.ActiveCfg = Release|Any CPU
		{FA863FC2-F60B-4F0D-864A-389F182F486B}.Release|Any CPU.Build.0 = Release|Any CPU
	EndGlobalSection
	GlobalSection(SolutionProperties) = preSolution
		HideSolutionNode = FALSE
	EndGlobalSection
	GlobalSection(ExtensibilityGlobals) = postSolution
		SolutionGuid = {980AACEE-8960-412F-8813-6E572BE6CC41}
	EndGlobalSection
EndGlobal
